// !$*UTF8*$!
{
	archiveVersion = 1;
	classes = {
	};
	objectVersion = 50;
	objects = {

/* Begin PBXBuildFile section */
		BE27EDD422B77E910025359A /* AppDelegate.swift in Sources */ = {isa = PBXBuildFile; fileRef = BE27EDD322B77E910025359A /* AppDelegate.swift */; };
		BE27EDD622B77E910025359A /* SceneDelegate.swift in Sources */ = {isa = PBXBuildFile; fileRef = BE27EDD522B77E910025359A /* SceneDelegate.swift */; };
		BE27EDD822B77E910025359A /* ContentView.swift in Sources */ = {isa = PBXBuildFile; fileRef = BE27EDD722B77E910025359A /* ContentView.swift */; };
		BE27EDDA22B77E950025359A /* Assets.xcassets in Resources */ = {isa = PBXBuildFile; fileRef = BE27EDD922B77E950025359A /* Assets.xcassets */; };
		BE27EDDD22B77E950025359A /* Preview Assets.xcassets in Resources */ = {isa = PBXBuildFile; fileRef = BE27EDDC22B77E950025359A /* Preview Assets.xcassets */; };
		BE27EDE022B77E950025359A /* LaunchScreen.storyboard in Resources */ = {isa = PBXBuildFile; fileRef = BE27EDDE22B77E950025359A /* LaunchScreen.storyboard */; };
/* End PBXBuildFile section */

/* Begin PBXFileReference section */
		BE27EDD022B77E910025359A /* SwiftUI Framework Test.app */ = {isa = PBXFileReference; explicitFileType = wrapper.application; includeInIndex = 0; path = "SwiftUI Framework Test.app"; sourceTree = BUILT_PRODUCTS_DIR; };
		BE27EDD322B77E910025359A /* AppDelegate.swift */ = {isa = PBXFileReference; lastKnownFileType = sourcecode.swift; path = AppDelegate.swift; sourceTree = "<group>"; };
		BE27EDD522B77E910025359A /* SceneDelegate.swift */ = {isa = PBXFileReference; lastKnownFileType = sourcecode.swift; path = SceneDelegate.swift; sourceTree = "<group>"; };
		BE27EDD722B77E910025359A /* ContentView.swift */ = {isa = PBXFileReference; lastKnownFileType = sourcecode.swift; path = ContentView.swift; sourceTree = "<group>"; };
		BE27EDD922B77E950025359A /* Assets.xcassets */ = {isa = PBXFileReference; lastKnownFileType = folder.assetcatalog; path = Assets.xcassets; sourceTree = "<group>"; };
		BE27EDDC22B77E950025359A /* Preview Assets.xcassets */ = {isa = PBXFileReference; lastKnownFileType = folder.assetcatalog; path = "Preview Assets.xcassets"; sourceTree = "<group>"; };
		BE27EDDF22B77E950025359A /* Base */ = {isa = PBXFileReference; lastKnownFileType = file.storyboard; name = Base; path = Base.lproj/LaunchScreen.storyboard; sourceTree = "<group>"; };
		BE27EDE122B77E950025359A /* Info.plist */ = {isa = PBXFileReference; lastKnownFileType = text.plist.xml; path = Info.plist; sourceTree = "<group>"; };
/* End PBXFileReference section */

/* Begin PBXFrameworksBuildPhase section */
		BE27EDCD22B77E910025359A /* Frameworks */ = {
			isa = PBXFrameworksBuildPhase;
			buildActionMask = 2147483647;
			files = (
			);
			runOnlyForDeploymentPostprocessing = 0;
		};
/* End PBXFrameworksBuildPhase section */

/* Begin PBXGroup section */
		BE27EDC722B77E910025359A = {
			isa = PBXGroup;
			children = (
				BE27EDD222B77E910025359A /* SwiftUI Framework Test */,
				BE27EDD122B77E910025359A /* Products */,
			);
			sourceTree = "<group>";
		};
		BE27EDD122B77E910025359A /* Products */ = {
			isa = PBXGroup;
			children = (
				BE27EDD022B77E910025359A /* SwiftUI Framework Test.app */,
			);
			name = Products;
			sourceTree = "<group>";
		};
		BE27EDD222B77E910025359A /* SwiftUI Framework Test */ = {
			isa = PBXGroup;
			children = (
				BE27EDD322B77E910025359A /* AppDelegate.swift */,
				BE27EDD522B77E910025359A /* SceneDelegate.swift */,
				BE27EDD722B77E910025359A /* ContentView.swift */,
				BE27EDD922B77E950025359A /* Assets.xcassets */,
				BE27EDDE22B77E950025359A /* LaunchScreen.storyboard */,
				BE27EDE122B77E950025359A /* Info.plist */,
				BE27EDDB22B77E950025359A /* Preview Content */,
			);
			path = "SwiftUI Framework Test";
			sourceTree = "<group>";
		};
		BE27EDDB22B77E950025359A /* Preview Content */ = {
			isa = PBXGroup;
			children = (
				BE27EDDC22B77E950025359A /* Preview Assets.xcassets */,
			);
			path = "Preview Content";
			sourceTree = "<group>";
		};
/* End PBXGroup section */

/* Begin PBXNativeTarget section */
		BE27EDCF22B77E910025359A /* SwiftUI Framework Test */ = {
			isa = PBXNativeTarget;
			buildConfigurationList = BE27EDE422B77E950025359A /* Build configuration list for PBXNativeTarget "SwiftUI Framework Test" */;
			buildPhases = (
				BE27EDCC22B77E910025359A /* Sources */,
				BE27EDCD22B77E910025359A /* Frameworks */,
				BE27EDCE22B77E910025359A /* Resources */,
			);
			buildRules = (
			);
			dependencies = (
			);
			name = "SwiftUI Framework Test";
			productName = "SwiftUI Framework Test";
			productReference = BE27EDD022B77E910025359A /* SwiftUI Framework Test.app */;
			productType = "com.apple.product-type.application";
		};
/* End PBXNativeTarget section */

/* Begin PBXProject section */
		BE27EDC822B77E910025359A /* Project object */ = {
			isa = PBXProject;
			attributes = {
				LastSwiftUpdateCheck = 1100;
				LastUpgradeCheck = 1100;
				ORGANIZATIONNAME = "HaN ";
				TargetAttributes = {
					BE27EDCF22B77E910025359A = {
						CreatedOnToolsVersion = 11.0;
					};
				};
			};
			buildConfigurationList = BE27EDCB22B77E910025359A /* Build configuration list for PBXProject "SwiftUI Framework Test" */;
			compatibilityVersion = "Xcode 9.3";
			developmentRegion = en;
			hasScannedForEncodings = 0;
			knownRegions = (
				en,
				Base,
			);
			mainGroup = BE27EDC722B77E910025359A;
			productRefGroup = BE27EDD122B77E910025359A /* Products */;
			projectDirPath = "";
			projectRoot = "";
			targets = (
				BE27EDCF22B77E910025359A /* SwiftUI Framework Test */,
			);
		};
/* End PBXProject section */

/* Begin PBXResourcesBuildPhase section */
		BE27EDCE22B77E910025359A /* Resources */ = {
			isa = PBXResourcesBuildPhase;
			buildActionMask = 2147483647;
			files = (
				BE27EDE022B77E950025359A /* LaunchScreen.storyboard in Resources */,
				BE27EDDD22B77E950025359A /* Preview Assets.xcassets in Resources */,
				BE27EDDA22B77E950025359A /* Assets.xcassets in Resources */,
			);
			runOnlyForDeploymentPostprocessing = 0;
		};
/* End PBXResourcesBuildPhase section */

/* Begin PBXSourcesBuildPhase section */
		BE27EDCC22B77E910025359A /* Sources */ = {
			isa = PBXSourcesBuildPhase;
			buildActionMask = 2147483647;
			files = (
				BE27EDD422B77E910025359A /* AppDelegate.swift in Sources */,
				BE27EDD622B77E910025359A /* SceneDelegate.swift in Sources */,
				BE27EDD822B77E910025359A /* ContentView.swift in Sources */,
			);
			runOnlyForDeploymentPostprocessing = 0;
		};
/* End PBXSourcesBuildPhase section */

/* Begin PBXVariantGroup section */
		BE27EDDE22B77E950025359A /* LaunchScreen.storyboard */ = {
			isa = PBXVariantGroup;
			children = (
				BE27EDDF22B77E950025359A /* Base */,
			);
			name = LaunchScreen.storyboard;
			sourceTree = "<group>";
		};
/* End PBXVariantGroup section */

/* Begin XCBuildConfiguration section */
		BE27EDE222B77E950025359A /* Debug */ = {
			isa = XCBuildConfiguration;
			buildSettings = {
				ALWAYS_SEARCH_USER_PATHS = NO;
				CLANG_ANALYZER_NONNULL = YES;
				CLANG_ANALYZER_NUMBER_OBJECT_CONVERSION = YES_AGGRESSIVE;
				CLANG_CXX_LANGUAGE_STANDARD = "gnu++14";
				CLANG_CXX_LIBRARY = "libc++";
				CLANG_ENABLE_MODULES = YES;
				CLANG_ENABLE_OBJC_ARC = YES;
				CLANG_ENABLE_OBJC_WEAK = YES;
				CLANG_WARN_BLOCK_CAPTURE_AUTORELEASING = YES;
				CLANG_WARN_BOOL_CONVERSION = YES;
				CLANG_WARN_COMMA = YES;
				CLANG_WARN_CONSTANT_CONVERSION = YES;
				CLANG_WARN_DEPRECATED_OBJC_IMPLEMENTATIONS = YES;
				CLANG_WARN_DIRECT_OBJC_ISA_USAGE = YES_ERROR;
				CLANG_WARN_DOCUMENTATION_COMMENTS = YES;
				CLANG_WARN_EMPTY_BODY = YES;
				CLANG_WARN_ENUM_CONVERSION = YES;
				CLANG_WARN_INFINITE_RECURSION = YES;
				CLANG_WARN_INT_CONVERSION = YES;
				CLANG_WARN_NON_LITERAL_NULL_CONVERSION = YES;
				CLANG_WARN_OBJC_IMPLICIT_RETAIN_SELF = YES;
				CLANG_WARN_OBJC_LITERAL_CONVERSION = YES;
				CLANG_WARN_OBJC_ROOT_CLASS = YES_ERROR;
				CLANG_WARN_RANGE_LOOP_ANALYSIS = YES;
				CLANG_WARN_STRICT_PROTOTYPES = YES;
				CLANG_WARN_SUSPICIOUS_MOVE = YES;
				CLANG_WARN_UNGUARDED_AVAILABILITY = YES_AGGRESSIVE;
				CLANG_WARN_UNREACHABLE_CODE = YES;
				CLANG_WARN__DUPLICATE_METHOD_MATCH = YES;
				COPY_PHASE_STRIP = NO;
				DEBUG_INFORMATION_FORMAT = dwarf;
				ENABLE_STRICT_OBJC_MSGSEND = YES;
				ENABLE_TESTABILITY = YES;
				GCC_C_LANGUAGE_STANDARD = gnu11;
				GCC_DYNAMIC_NO_PIC = NO;
				GCC_NO_COMMON_BLOCKS = YES;
				GCC_OPTIMIZATION_LEVEL = 0;
				GCC_PREPROCESSOR_DEFINITIONS = (
					"DEBUG=1",
					"$(inherited)",
				);
				GCC_WARN_64_TO_32_BIT_CONVERSION = YES;
				GCC_WARN_ABOUT_RETURN_TYPE = YES_ERROR;
				GCC_WARN_UNDECLARED_SELECTOR = YES;
				GCC_WARN_UNINITIALIZED_AUTOS = YES_AGGRESSIVE;
				GCC_WARN_UNUSED_FUNCTION = YES;
				GCC_WARN_UNUSED_VARIABLE = YES;
				IPHONEOS_DEPLOYMENT_TARGET = 13.0;
				MTL_ENABLE_DEBUG_INFO = INCLUDE_SOURCE;
				MTL_FAST_MATH = YES;
				ONLY_ACTIVE_ARCH = YES;
				SDKROOT = iphoneos;
				SWIFT_ACTIVE_COMPILATION_CONDITIONS = DEBUG;
				SWIFT_OPTIMIZATION_LEVEL = "-Onone";
			};
			name = Debug;
		};
		BE27EDE322B77E950025359A /* Release */ = {
			isa = XCBuildConfiguration;
			buildSettings = {
				ALWAYS_SEARCH_USER_PATHS = NO;
				CLANG_ANALYZER_NONNULL = YES;
				CLANG_ANALYZER_NUMBER_OBJECT_CONVERSION = YES_AGGRESSIVE;
				CLANG_CXX_LANGUAGE_STANDARD = "gnu++14";
				CLANG_CXX_LIBRARY = "libc++";
				CLANG_ENABLE_MODULES = YES;
				CLANG_ENABLE_OBJC_ARC = YES;
				CLANG_ENABLE_OBJC_WEAK = YES;
				CLANG_WARN_BLOCK_CAPTURE_AUTORELEASING = YES;
				CLANG_WARN_BOOL_CONVERSION = YES;
				CLANG_WARN_COMMA = YES;
				CLANG_WARN_CONSTANT_CONVERSION = YES;
				CLANG_WARN_DEPRECATED_OBJC_IMPLEMENTATIONS = YES;
				CLANG_WARN_DIRECT_OBJC_ISA_USAGE = YES_ERROR;
				CLANG_WARN_DOCUMENTATION_COMMENTS = YES;
				CLANG_WARN_EMPTY_BODY = YES;
				CLANG_WARN_ENUM_CONVERSION = YES;
				CLANG_WARN_INFINITE_RECURSION = YES;
				CLANG_WARN_INT_CONVERSION = YES;
				CLANG_WARN_NON_LITERAL_NULL_CONVERSION = YES;
				CLANG_WARN_OBJC_IMPLICIT_RETAIN_SELF = YES;
				CLANG_WARN_OBJC_LITERAL_CONVERSION = YES;
				CLANG_WARN_OBJC_ROOT_CLASS = YES_ERROR;
				CLANG_WARN_RANGE_LOOP_ANALYSIS = YES;
				CLANG_WARN_STRICT_PROTOTYPES = YES;
				CLANG_WARN_SUSPICIOUS_MOVE = YES;
				CLANG_WARN_UNGUARDED_AVAILABILITY = YES_AGGRESSIVE;
				CLANG_WARN_UNREACHABLE_CODE = YES;
				CLANG_WARN__DUPLICATE_METHOD_MATCH = YES;
				COPY_PHASE_STRIP = NO;
				DEBUG_INFORMATION_FORMAT = "dwarf-with-dsym";
				ENABLE_NS_ASSERTIONS = NO;
				ENABLE_STRICT_OBJC_MSGSEND = YES;
				GCC_C_LANGUAGE_STANDARD = gnu11;
				GCC_NO_COMMON_BLOCKS = YES;
				GCC_WARN_64_TO_32_BIT_CONVERSION = YES;
				GCC_WARN_ABOUT_RETURN_TYPE = YES_ERROR;
				GCC_WARN_UNDECLARED_SELECTOR = YES;
				GCC_WARN_UNINITIALIZED_AUTOS = YES_AGGRESSIVE;
				GCC_WARN_UNUSED_FUNCTION = YES;
				GCC_WARN_UNUSED_VARIABLE = YES;
				IPHONEOS_DEPLOYMENT_TARGET = 13.0;
				MTL_ENABLE_DEBUG_INFO = NO;
				MTL_FAST_MATH = YES;
				SDKROOT = iphoneos;
				SWIFT_COMPILATION_MODE = wholemodule;
				SWIFT_OPTIMIZATION_LEVEL = "-O";
				VALIDATE_PRODUCT = YES;
			};
			name = Release;
		};
		BE27EDE522B77E950025359A /* Debug */ = {
			isa = XCBuildConfiguration;
			buildSettings = {
				ASSETCATALOG_COMPILER_APPICON_NAME = AppIcon;
				CODE_SIGN_STYLE = Automatic;
				DEVELOPMENT_ASSET_PATHS = "\"SwiftUI Framework Test\"/Preview\\ Content";
				DEVELOPMENT_TEAM = P7554G54NH;
				ENABLE_PREVIEWS = YES;
				INFOPLIST_FILE = "SwiftUI Framework Test/Info.plist";
				LD_RUNPATH_SEARCH_PATHS = (
					"$(inherited)",
					"@executable_path/Frameworks",
				);
				PRODUCT_BUNDLE_IDENTIFIER = "com.tps.SwiftUI-Framework-Test";
				PRODUCT_NAME = "$(TARGET_NAME)";
				SWIFT_VERSION = 5.0;
				TARGETED_DEVICE_FAMILY = "1,2";
			};
			name = Debug;
		};
		BE27EDE622B77E950025359A /* Release */ = {
			isa = XCBuildConfiguration;
			buildSettings = {
				ASSETCATALOG_COMPILER_APPICON_NAME = AppIcon;
				CODE_SIGN_STYLE = Automatic;
				DEVELOPMENT_ASSET_PATHS = "\"SwiftUI Framework Test\"/Preview\\ Content";
				DEVELOPMENT_TEAM = P7554G54NH;
				ENABLE_PREVIEWS = YES;
				INFOPLIST_FILE = "SwiftUI Framework Test/Info.plist";
				LD_RUNPATH_SEARCH_PATHS = (
					"$(inherited)",
					"@executable_path/Frameworks",
				);
				PRODUCT_BUNDLE_IDENTIFIER = "com.tps.SwiftUI-Framework-Test";
				PRODUCT_NAME = "$(TARGET_NAME)";
				SWIFT_VERSION = 5.0;
				TARGETED_DEVICE_FAMILY = "1,2";
			};
			name = Release;
		};
/* End XCBuildConfiguration section */

/* Begin XCConfigurationList section */
		BE27EDCB22B77E910025359A /* Build configuration list for PBXProject "SwiftUI Framework Test" */ = {
			isa = XCConfigurationList;
			buildConfigurations = (
				BE27EDE222B77E950025359A /* Debug */,
				BE27EDE322B77E950025359A /* Release */,
			);
			defaultConfigurationIsVisible = 0;
			defaultConfigurationName = Release;
		};
		BE27EDE422B77E950025359A /* Build configuration list for PBXNativeTarget "SwiftUI Framework Test" */ = {
			isa = XCConfigurationList;
			buildConfigurations = (
				BE27EDE522B77E950025359A /* Debug */,
				BE27EDE622B77E950025359A /* Release */,
			);
			defaultConfigurationIsVisible = 0;
			defaultConfigurationName = Release;
		};
/* End XCConfigurationList section */
	};
	rootObject = BE27EDC822B77E910025359A /* Project object */;
}
